// !$*UTF8*$!
{
	archiveVersion = 1;
	classes = {
	};
	objectVersion = 50;
	objects = {

/* Begin PBXBuildFile section */
		3AC2DED521411AFC000EEA3B /* EPSecuritySDK.framework in Frameworks */ = {isa = PBXBuildFile; fileRef = 3AC2DED421411AFC000EEA3B /* EPSecuritySDK.framework */; };
		3AD090E72148F16700E4ABFB /* ViewHelper.m in Sources */ = {isa = PBXBuildFile; fileRef = 3AD090E62148F16700E4ABFB /* ViewHelper.m */; };
		D232D75720D36C1F00895B7A /* LICENSE in Resources */ = {isa = PBXBuildFile; fileRef = D232D75320D36C1F00895B7A /* LICENSE */; };
		D232D75820D36C1F00895B7A /* MBProgressHUD.m in Sources */ = {isa = PBXBuildFile; fileRef = D232D75520D36C1F00895B7A /* MBProgressHUD.m */; };
		D232D75920D36C1F00895B7A /* README.mdown in Resources */ = {isa = PBXBuildFile; fileRef = D232D75620D36C1F00895B7A /* README.mdown */; };
		D23C2E5420D8B75D006B49A8 /* EPSecurityBundle.bundle in Resources */ = {isa = PBXBuildFile; fileRef = D23C2E5320D8B75D006B49A8 /* EPSecurityBundle.bundle */; };
		D23C2E5A20D8ECF7006B49A8 /* NSArray+Log.m in Sources */ = {isa = PBXBuildFile; fileRef = D23C2E5820D8ECF7006B49A8 /* NSArray+Log.m */; };
		D23C2E5D20D8ED0B006B49A8 /* NSDictionary+Log.m in Sources */ = {isa = PBXBuildFile; fileRef = D23C2E5C20D8ED0B006B49A8 /* NSDictionary+Log.m */; };
		D2AB54AD20D34B4D00069A6E /* AppDelegate.m in Sources */ = {isa = PBXBuildFile; fileRef = D2AB54AC20D34B4D00069A6E /* AppDelegate.m */; };
		D2AB54B020D34B4D00069A6E /* ViewController.m in Sources */ = {isa = PBXBuildFile; fileRef = D2AB54AF20D34B4D00069A6E /* ViewController.m */; };
		D2AB54B320D34B4D00069A6E /* Main.storyboard in Resources */ = {isa = PBXBuildFile; fileRef = D2AB54B120D34B4D00069A6E /* Main.storyboard */; };
		D2AB54B520D34B4F00069A6E /* Assets.xcassets in Resources */ = {isa = PBXBuildFile; fileRef = D2AB54B420D34B4F00069A6E /* Assets.xcassets */; };
		D2AB54B820D34B4F00069A6E /* LaunchScreen.storyboard in Resources */ = {isa = PBXBuildFile; fileRef = D2AB54B620D34B4F00069A6E /* LaunchScreen.storyboard */; };
		D2AB54BB20D34B4F00069A6E /* main.m in Sources */ = {isa = PBXBuildFile; fileRef = D2AB54BA20D34B4F00069A6E /* main.m */; };
/* End PBXBuildFile section */

/* Begin PBXFileReference section */
		3AC2DED421411AFC000EEA3B /* EPSecuritySDK.framework */ = {isa = PBXFileReference; lastKnownFileType = wrapper.framework; name = EPSecuritySDK.framework; path = EPSecuritySDKDemo/EPSecuritySDK.framework; sourceTree = "<group>"; };
		3AD090E52148F16700E4ABFB /* ViewHelper.h */ = {isa = PBXFileReference; fileEncoding = 4; lastKnownFileType = sourcecode.c.h; path = ViewHelper.h; sourceTree = "<group>"; };
		3AD090E62148F16700E4ABFB /* ViewHelper.m */ = {isa = PBXFileReference; fileEncoding = 4; lastKnownFileType = sourcecode.c.objc; path = ViewHelper.m; sourceTree = "<group>"; };
		D232D75320D36C1F00895B7A /* LICENSE */ = {isa = PBXFileReference; fileEncoding = 4; lastKnownFileType = text; path = LICENSE; sourceTree = "<group>"; };
		D232D75420D36C1F00895B7A /* MBProgressHUD.h */ = {isa = PBXFileReference; fileEncoding = 4; lastKnownFileType = sourcecode.c.h; path = MBProgressHUD.h; sourceTree = "<group>"; };
		D232D75520D36C1F00895B7A /* MBProgressHUD.m */ = {isa = PBXFileReference; fileEncoding = 4; lastKnownFileType = sourcecode.c.objc; path = MBProgressHUD.m; sourceTree = "<group>"; };
		D232D75620D36C1F00895B7A /* README.mdown */ = {isa = PBXFileReference; fileEncoding = 4; lastKnownFileType = net.daringfireball.markdown; path = README.mdown; sourceTree = "<group>"; };
		D23C2E5320D8B75D006B49A8 /* EPSecurityBundle.bundle */ = {isa = PBXFileReference; lastKnownFileType = "wrapper.plug-in"; path = EPSecurityBundle.bundle; sourceTree = "<group>"; };
		D23C2E5820D8ECF7006B49A8 /* NSArray+Log.m */ = {isa = PBXFileReference; fileEncoding = 4; lastKnownFileType = sourcecode.c.objc; path = "NSArray+Log.m"; sourceTree = "<group>"; };
		D23C2E5920D8ECF7006B49A8 /* NSArray+Log.h */ = {isa = PBXFileReference; fileEncoding = 4; lastKnownFileType = sourcecode.c.h; path = "NSArray+Log.h"; sourceTree = "<group>"; };
		D23C2E5B20D8ED0B006B49A8 /* NSDictionary+Log.h */ = {isa = PBXFileReference; fileEncoding = 4; lastKnownFileType = sourcecode.c.h; path = "NSDictionary+Log.h"; sourceTree = "<group>"; };
		D23C2E5C20D8ED0B006B49A8 /* NSDictionary+Log.m */ = {isa = PBXFileReference; fileEncoding = 4; lastKnownFileType = sourcecode.c.objc; path = "NSDictionary+Log.m"; sourceTree = "<group>"; };
		D2AB54A820D34B4D00069A6E /* EPSecuritySDKDemo.app */ = {isa = PBXFileReference; explicitFileType = wrapper.application; includeInIndex = 0; path = EPSecuritySDKDemo.app; sourceTree = BUILT_PRODUCTS_DIR; };
		D2AB54AB20D34B4D00069A6E /* AppDelegate.h */ = {isa = PBXFileReference; lastKnownFileType = sourcecode.c.h; path = AppDelegate.h; sourceTree = "<group>"; };
		D2AB54AC20D34B4D00069A6E /* AppDelegate.m */ = {isa = PBXFileReference; lastKnownFileType = sourcecode.c.objc; path = AppDelegate.m; sourceTree = "<group>"; };
		D2AB54AE20D34B4D00069A6E /* ViewController.h */ = {isa = PBXFileReference; lastKnownFileType = sourcecode.c.h; path = ViewController.h; sourceTree = "<group>"; };
		D2AB54AF20D34B4D00069A6E /* ViewController.m */ = {isa = PBXFileReference; lastKnownFileType = sourcecode.c.objc; path = ViewController.m; sourceTree = "<group>"; };
		D2AB54B220D34B4D00069A6E /* Base */ = {isa = PBXFileReference; lastKnownFileType = file.storyboard; name = Base; path = Base.lproj/Main.storyboard; sourceTree = "<group>"; };
		D2AB54B420D34B4F00069A6E /* Assets.xcassets */ = {isa = PBXFileReference; lastKnownFileType = folder.assetcatalog; path = Assets.xcassets; sourceTree = "<group>"; };
		D2AB54B720D34B4F00069A6E /* Base */ = {isa = PBXFileReference; lastKnownFileType = file.storyboard; name = Base; path = Base.lproj/LaunchScreen.storyboard; sourceTree = "<group>"; };
		D2AB54B920D34B4F00069A6E /* Info.plist */ = {isa = PBXFileReference; lastKnownFileType = text.plist.xml; path = Info.plist; sourceTree = "<group>"; };
		D2AB54BA20D34B4F00069A6E /* main.m */ = {isa = PBXFileReference; lastKnownFileType = sourcecode.c.objc; path = main.m; sourceTree = "<group>"; };
		D2AB550820D354AF00069A6E /* EPSecuritySDK.framework */ = {isa = PBXFileReference; explicitFileType = wrapper.framework; path = EPSecuritySDK.framework; sourceTree = BUILT_PRODUCTS_DIR; };
/* End PBXFileReference section */

/* Begin PBXFrameworksBuildPhase section */
		D2AB54A520D34B4D00069A6E /* Frameworks */ = {
			isa = PBXFrameworksBuildPhase;
			buildActionMask = 2147483647;
			files = (
				3AC2DED521411AFC000EEA3B /* EPSecuritySDK.framework in Frameworks */,
			);
			runOnlyForDeploymentPostprocessing = 0;
		};
/* End PBXFrameworksBuildPhase section */

/* Begin PBXGroup section */
		3AD090E42148F12800E4ABFB /* LoginPodTest */ = {
			isa = PBXGroup;
			children = (
				3AD090E52148F16700E4ABFB /* ViewHelper.h */,
				3AD090E62148F16700E4ABFB /* ViewHelper.m */,
			);
			path = LoginPodTest;
			sourceTree = "<group>";
		};
		D232D75220D36C1F00895B7A /* MBProgressHUD */ = {
			isa = PBXGroup;
			children = (
				D232D75320D36C1F00895B7A /* LICENSE */,
				D232D75420D36C1F00895B7A /* MBProgressHUD.h */,
				D232D75520D36C1F00895B7A /* MBProgressHUD.m */,
				D232D75620D36C1F00895B7A /* README.mdown */,
			);
			path = MBProgressHUD;
			sourceTree = "<group>";
		};
		D2AB549F20D34B4D00069A6E = {
			isa = PBXGroup;
			children = (
				D2AB54AA20D34B4D00069A6E /* EPSecuritySDKDemo */,
				D2AB54A920D34B4D00069A6E /* Products */,
				D2AB550720D354AF00069A6E /* Frameworks */,
			);
			sourceTree = "<group>";
		};
		D2AB54A920D34B4D00069A6E /* Products */ = {
			isa = PBXGroup;
			children = (
				D2AB54A820D34B4D00069A6E /* EPSecuritySDKDemo.app */,
			);
			name = Products;
			sourceTree = "<group>";
		};
		D2AB54AA20D34B4D00069A6E /* EPSecuritySDKDemo */ = {
			isa = PBXGroup;
			children = (
				3AD090E42148F12800E4ABFB /* LoginPodTest */,
				D23C2E5B20D8ED0B006B49A8 /* NSDictionary+Log.h */,
				D23C2E5C20D8ED0B006B49A8 /* NSDictionary+Log.m */,
				D23C2E5920D8ECF7006B49A8 /* NSArray+Log.h */,
				D23C2E5820D8ECF7006B49A8 /* NSArray+Log.m */,
				D23C2E5320D8B75D006B49A8 /* EPSecurityBundle.bundle */,
				D232D75220D36C1F00895B7A /* MBProgressHUD */,
				D2AB54AB20D34B4D00069A6E /* AppDelegate.h */,
				D2AB54AC20D34B4D00069A6E /* AppDelegate.m */,
				D2AB54AE20D34B4D00069A6E /* ViewController.h */,
				D2AB54AF20D34B4D00069A6E /* ViewController.m */,
				D2AB54B120D34B4D00069A6E /* Main.storyboard */,
				D2AB54B420D34B4F00069A6E /* Assets.xcassets */,
				D2AB54B620D34B4F00069A6E /* LaunchScreen.storyboard */,
				D2AB54B920D34B4F00069A6E /* Info.plist */,
				D2AB54BA20D34B4F00069A6E /* main.m */,
			);
			path = EPSecuritySDKDemo;
			sourceTree = "<group>";
		};
		D2AB550720D354AF00069A6E /* Frameworks */ = {
			isa = PBXGroup;
			children = (
				3AC2DED421411AFC000EEA3B /* EPSecuritySDK.framework */,
				D2AB550820D354AF00069A6E /* EPSecuritySDK.framework */,
			);
			name = Frameworks;
			sourceTree = "<group>";
		};
/* End PBXGroup section */

/* Begin PBXNativeTarget section */
		D2AB54A720D34B4D00069A6E /* EPSecuritySDKDemo */ = {
			isa = PBXNativeTarget;
			buildConfigurationList = D2AB54BE20D34B4F00069A6E /* Build configuration list for PBXNativeTarget "EPSecuritySDKDemo" */;
			buildPhases = (
				D2AB54A420D34B4D00069A6E /* Sources */,
				D2AB54A520D34B4D00069A6E /* Frameworks */,
				D2AB54A620D34B4D00069A6E /* Resources */,
			);
			buildRules = (
			);
			dependencies = (
			);
			name = EPSecuritySDKDemo;
			productName = EPSecuritySDKDemo;
			productReference = D2AB54A820D34B4D00069A6E /* EPSecuritySDKDemo.app */;
			productType = "com.apple.product-type.application";
		};
/* End PBXNativeTarget section */

/* Begin PBXProject section */
		D2AB54A020D34B4D00069A6E /* Project object */ = {
			isa = PBXProject;
			attributes = {
				LastUpgradeCheck = 0940;
				ORGANIZATIONNAME = epsoft;
				TargetAttributes = {
					D2AB54A720D34B4D00069A6E = {
						CreatedOnToolsVersion = 9.4.1;
					};
				};
			};
			buildConfigurationList = D2AB54A320D34B4D00069A6E /* Build configuration list for PBXProject "EPSecuritySDKDemo" */;
			compatibilityVersion = "Xcode 9.3";
			developmentRegion = en;
			hasScannedForEncodings = 0;
			knownRegions = (
				en,
				Base,
			);
			mainGroup = D2AB549F20D34B4D00069A6E;
			productRefGroup = D2AB54A920D34B4D00069A6E /* Products */;
			projectDirPath = "";
			projectRoot = "";
			targets = (
				D2AB54A720D34B4D00069A6E /* EPSecuritySDKDemo */,
			);
		};
/* End PBXProject section */

/* Begin PBXResourcesBuildPhase section */
		D2AB54A620D34B4D00069A6E /* Resources */ = {
			isa = PBXResourcesBuildPhase;
			buildActionMask = 2147483647;
			files = (
				D2AB54B820D34B4F00069A6E /* LaunchScreen.storyboard in Resources */,
				D2AB54B520D34B4F00069A6E /* Assets.xcassets in Resources */,
				D23C2E5420D8B75D006B49A8 /* EPSecurityBundle.bundle in Resources */,
				D232D75720D36C1F00895B7A /* LICENSE in Resources */,
				D2AB54B320D34B4D00069A6E /* Main.storyboard in Resources */,
				D232D75920D36C1F00895B7A /* README.mdown in Resources */,
			);
			runOnlyForDeploymentPostprocessing = 0;
		};
/* End PBXResourcesBuildPhase section */

/* Begin PBXSourcesBuildPhase section */
		D2AB54A420D34B4D00069A6E /* Sources */ = {
			isa = PBXSourcesBuildPhase;
			buildActionMask = 2147483647;
			files = (
				D23C2E5A20D8ECF7006B49A8 /* NSArray+Log.m in Sources */,
				D23C2E5D20D8ED0B006B49A8 /* NSDictionary+Log.m in Sources */,
				D2AB54B020D34B4D00069A6E /* ViewController.m in Sources */,
				D2AB54BB20D34B4F00069A6E /* main.m in Sources */,
				3AD090E72148F16700E4ABFB /* ViewHelper.m in Sources */,
				D2AB54AD20D34B4D00069A6E /* AppDelegate.m in Sources */,
				D232D75820D36C1F00895B7A /* MBProgressHUD.m in Sources */,
			);
			runOnlyForDeploymentPostprocessing = 0;
		};
/* End PBXSourcesBuildPhase section */

/* Begin PBXVariantGroup section */
		D2AB54B120D34B4D00069A6E /* Main.storyboard */ = {
			isa = PBXVariantGroup;
			children = (
				D2AB54B220D34B4D00069A6E /* Base */,
			);
			name = Main.storyboard;
			sourceTree = "<group>";
		};
		D2AB54B620D34B4F00069A6E /* LaunchScreen.storyboard */ = {
			isa = PBXVariantGroup;
			children = (
				D2AB54B720D34B4F00069A6E /* Base */,
			);
			name = LaunchScreen.storyboard;
			sourceTree = "<group>";
		};
/* End PBXVariantGroup section */

/* Begin XCBuildConfiguration section */
		D2AB54BC20D34B4F00069A6E /* Debug */ = {
			isa = XCBuildConfiguration;
			buildSettings = {
				ALWAYS_SEARCH_USER_PATHS = NO;
				CLANG_ANALYZER_NONNULL = YES;
				CLANG_ANALYZER_NUMBER_OBJECT_CONVERSION = YES_AGGRESSIVE;
				CLANG_CXX_LANGUAGE_STANDARD = "gnu++14";
				CLANG_CXX_LIBRARY = "libc++";
				CLANG_ENABLE_MODULES = YES;
				CLANG_ENABLE_OBJC_ARC = YES;
				CLANG_ENABLE_OBJC_WEAK = YES;
				CLANG_WARN_BLOCK_CAPTURE_AUTORELEASING = YES;
				CLANG_WARN_BOOL_CONVERSION = YES;
				CLANG_WARN_COMMA = YES;
				CLANG_WARN_CONSTANT_CONVERSION = YES;
				CLANG_WARN_DEPRECATED_OBJC_IMPLEMENTATIONS = YES;
				CLANG_WARN_DIRECT_OBJC_ISA_USAGE = YES_ERROR;
				CLANG_WARN_DOCUMENTATION_COMMENTS = YES;
				CLANG_WARN_EMPTY_BODY = YES;
				CLANG_WARN_ENUM_CONVERSION = YES;
				CLANG_WARN_INFINITE_RECURSION = YES;
				CLANG_WARN_INT_CONVERSION = YES;
				CLANG_WARN_NON_LITERAL_NULL_CONVERSION = YES;
				CLANG_WARN_OBJC_IMPLICIT_RETAIN_SELF = YES;
				CLANG_WARN_OBJC_LITERAL_CONVERSION = YES;
				CLANG_WARN_OBJC_ROOT_CLASS = YES_ERROR;
				CLANG_WARN_RANGE_LOOP_ANALYSIS = YES;
				CLANG_WARN_STRICT_PROTOTYPES = YES;
				CLANG_WARN_SUSPICIOUS_MOVE = YES;
				CLANG_WARN_UNGUARDED_AVAILABILITY = YES_AGGRESSIVE;
				CLANG_WARN_UNREACHABLE_CODE = YES;
				CLANG_WARN__DUPLICATE_METHOD_MATCH = YES;
				CODE_SIGN_IDENTITY = "iPhone Developer";
				COPY_PHASE_STRIP = NO;
				DEBUG_INFORMATION_FORMAT = dwarf;
				ENABLE_STRICT_OBJC_MSGSEND = YES;
				ENABLE_TESTABILITY = YES;
				GCC_C_LANGUAGE_STANDARD = gnu11;
				GCC_DYNAMIC_NO_PIC = NO;
				GCC_NO_COMMON_BLOCKS = YES;
				GCC_OPTIMIZATION_LEVEL = 0;
				GCC_PREPROCESSOR_DEFINITIONS = (
					"DEBUG=1",
					"$(inherited)",
				);
				GCC_WARN_64_TO_32_BIT_CONVERSION = YES;
				GCC_WARN_ABOUT_RETURN_TYPE = YES_ERROR;
				GCC_WARN_UNDECLARED_SELECTOR = YES;
				GCC_WARN_UNINITIALIZED_AUTOS = YES_AGGRESSIVE;
				GCC_WARN_UNUSED_FUNCTION = YES;
				GCC_WARN_UNUSED_VARIABLE = YES;
				IPHONEOS_DEPLOYMENT_TARGET = 11.4;
				MTL_ENABLE_DEBUG_INFO = YES;
				ONLY_ACTIVE_ARCH = YES;
				SDKROOT = iphoneos;
			};
			name = Debug;
		};
		D2AB54BD20D34B4F00069A6E /* Release */ = {
			isa = XCBuildConfiguration;
			buildSettings = {
				ALWAYS_SEARCH_USER_PATHS = NO;
				CLANG_ANALYZER_NONNULL = YES;
				CLANG_ANALYZER_NUMBER_OBJECT_CONVERSION = YES_AGGRESSIVE;
				CLANG_CXX_LANGUAGE_STANDARD = "gnu++14";
				CLANG_CXX_LIBRARY = "libc++";
				CLANG_ENABLE_MODULES = YES;
				CLANG_ENABLE_OBJC_ARC = YES;
				CLANG_ENABLE_OBJC_WEAK = YES;
				CLANG_WARN_BLOCK_CAPTURE_AUTORELEASING = YES;
				CLANG_WARN_BOOL_CONVERSION = YES;
				CLANG_WARN_COMMA = YES;
				CLANG_WARN_CONSTANT_CONVERSION = YES;
				CLANG_WARN_DEPRECATED_OBJC_IMPLEMENTATIONS = YES;
				CLANG_WARN_DIRECT_OBJC_ISA_USAGE = YES_ERROR;
				CLANG_WARN_DOCUMENTATION_COMMENTS = YES;
				CLANG_WARN_EMPTY_BODY = YES;
				CLANG_WARN_ENUM_CONVERSION = YES;
				CLANG_WARN_INFINITE_RECURSION = YES;
				CLANG_WARN_INT_CONVERSION = YES;
				CLANG_WARN_NON_LITERAL_NULL_CONVERSION = YES;
				CLANG_WARN_OBJC_IMPLICIT_RETAIN_SELF = YES;
				CLANG_WARN_OBJC_LITERAL_CONVERSION = YES;
				CLANG_WARN_OBJC_ROOT_CLASS = YES_ERROR;
				CLANG_WARN_RANGE_LOOP_ANALYSIS = YES;
				CLANG_WARN_STRICT_PROTOTYPES = YES;
				CLANG_WARN_SUSPICIOUS_MOVE = YES;
				CLANG_WARN_UNGUARDED_AVAILABILITY = YES_AGGRESSIVE;
				CLANG_WARN_UNREACHABLE_CODE = YES;
				CLANG_WARN__DUPLICATE_METHOD_MATCH = YES;
				CODE_SIGN_IDENTITY = "iPhone Developer";
				COPY_PHASE_STRIP = NO;
				DEBUG_INFORMATION_FORMAT = "dwarf-with-dsym";
				ENABLE_NS_ASSERTIONS = NO;
				ENABLE_STRICT_OBJC_MSGSEND = YES;
				GCC_C_LANGUAGE_STANDARD = gnu11;
				GCC_NO_COMMON_BLOCKS = YES;
				GCC_WARN_64_TO_32_BIT_CONVERSION = YES;
				GCC_WARN_ABOUT_RETURN_TYPE = YES_ERROR;
				GCC_WARN_UNDECLARED_SELECTOR = YES;
				GCC_WARN_UNINITIALIZED_AUTOS = YES_AGGRESSIVE;
				GCC_WARN_UNUSED_FUNCTION = YES;
				GCC_WARN_UNUSED_VARIABLE = YES;
				IPHONEOS_DEPLOYMENT_TARGET = 11.4;
				MTL_ENABLE_DEBUG_INFO = NO;
				SDKROOT = iphoneos;
				VALIDATE_PRODUCT = YES;
			};
			name = Release;
		};
		D2AB54BF20D34B4F00069A6E /* Debug */ = {
			isa = XCBuildConfiguration;
			buildSettings = {
				ASSETCATALOG_COMPILER_APPICON_NAME = AppIcon;
				CODE_SIGN_IDENTITY = "iPhone Developer";
				CODE_SIGN_STYLE = Automatic;
				DEVELOPMENT_TEAM = S659T294M6;
				FRAMEWORK_SEARCH_PATHS = (
					"$(inherited)",
					"$(PROJECT_DIR)/EPSecuritySDKDemo",
				);
				INFOPLIST_FILE = EPSecuritySDKDemo/Info.plist;
				IPHONEOS_DEPLOYMENT_TARGET = 8.0;
				LD_RUNPATH_SEARCH_PATHS = (
					"$(inherited)",
					"@executable_path/Frameworks",
				);
				PRODUCT_BUNDLE_IDENTIFIER = com.epsoft.EPSecuritySDKDemo;
				PRODUCT_NAME = "$(TARGET_NAME)";
				PROVISIONING_PROFILE_SPECIFIER = "";
				TARGETED_DEVICE_FAMILY = "1,2";
			};
			name = Debug;
		};
		D2AB54C020D34B4F00069A6E /* Release */ = {
			isa = XCBuildConfiguration;
			buildSettings = {
				ASSETCATALOG_COMPILER_APPICON_NAME = AppIcon;
				CODE_SIGN_IDENTITY = "iPhone Developer";
				CODE_SIGN_STYLE = Automatic;
				DEVELOPMENT_TEAM = S659T294M6;
				FRAMEWORK_SEARCH_PATHS = (
					"$(inherited)",
					"$(PROJECT_DIR)/EPSecuritySDKDemo",
				);
				INFOPLIST_FILE = EPSecuritySDKDemo/Info.plist;
				IPHONEOS_DEPLOYMENT_TARGET = 8.0;
				LD_RUNPATH_SEARCH_PATHS = (
					"$(inherited)",
					"@executable_path/Frameworks",
				);
				PRODUCT_BUNDLE_IDENTIFIER = com.epsoft.EPSecuritySDKDemo;
				PRODUCT_NAME = "$(TARGET_NAME)";
				PROVISIONING_PROFILE_SPECIFIER = "";
				TARGETED_DEVICE_FAMILY = "1,2";
			};
			name = Release;
		};
/* End XCBuildConfiguration section */

/* Begin XCConfigurationList section */
		D2AB54A320D34B4D00069A6E /* Build configuration list for PBXProject "EPSecuritySDKDemo" */ = {
			isa = XCConfigurationList;
			buildConfigurations = (
				D2AB54BC20D34B4F00069A6E /* Debug */,
				D2AB54BD20D34B4F00069A6E /* Release */,
			);
			defaultConfigurationIsVisible = 0;
			defaultConfigurationName = Release;
		};
		D2AB54BE20D34B4F00069A6E /* Build configuration list for PBXNativeTarget "EPSecuritySDKDemo" */ = {
			isa = XCConfigurationList;
			buildConfigurations = (
				D2AB54BF20D34B4F00069A6E /* Debug */,
				D2AB54C020D34B4F00069A6E /* Release */,
			);
			defaultConfigurationIsVisible = 0;
			defaultConfigurationName = Release;
		};
/* End XCConfigurationList section */
	};
	rootObject = D2AB54A020D34B4D00069A6E /* Project object */;
}
